
Microsoft Visual Studio Solution File, Format Version 12.00
# Visual Studio 15
VisualStudioVersion = 15.0.28010.2046
MinimumVisualStudioVersion = 10.0.40219.1
Project("{FAE04EC0-301F-11D3-BF4B-00C04F79EFBC}") = "ExcelManagementQualysReports", "ExcelManagementQualysReports\ExcelManagementQualysReports.csproj", "{8890363D-0A7B-4251-A45A-91517A2E639E}"
EndProject
Global
	GlobalSection(SolutionConfigurationPlatforms) = preSolution
		Debug|Any CPU = Debug|Any CPU
		Release|Any CPU = Release|Any CPU
	EndGlobalSection
	GlobalSection(ProjectConfigurationPlatforms) = postSolution
		{8890363D-0A7B-4251-A45A-91517A2E639E}.Debug|Any CPU.ActiveCfg = Debug|Any CPU
		{8890363D-0A7B-4251-A45A-91517A2E639E}.Debug|Any CPU.Build.0 = Debug|Any CPU
		{8890363D-0A7B-4251-A45A-91517A2E639E}.Release|Any CPU.ActiveCfg = Release|Any CPU
		{8890363D-0A7B-4251-A45A-91517A2E639E}.Release|Any CPU.Build.0 = Release|Any CPU
	EndGlobalSection
	GlobalSection(SolutionProperties) = preSolution
		HideSolutionNode = FALSE
	EndGlobalSection
	GlobalSection(ExtensibilityGlobals) = postSolution
		SolutionGuid = {F3CF7E3B-C63B-417B-862A-E847ED7E0305}
	EndGlobalSection
EndGlobal
